
Microsoft Visual Studio Solution File, Format Version 12.00
# Visual Studio 14
VisualStudioVersion = 14.0.25420.1
MinimumVisualStudioVersion = 10.0.40219.1
Project("{00D1A9C2-B5F0-4AF3-8072-F6C62B433612}") = "Identity", "Identity.sqlproj", "{4A6BB2C4-5B62-4500-BDD0-E7C79D18ABF0}"
EndProject
Global
	GlobalSection(SolutionConfigurationPlatforms) = preSolution
		Debug|Any CPU = Debug|Any CPU
		Dev|Any CPU = Dev|Any CPU
		Release|Any CPU = Release|Any CPU
	EndGlobalSection
	GlobalSection(ProjectConfigurationPlatforms) = postSolution
		{4A6BB2C4-5B62-4500-BDD0-E7C79D18ABF0}.Debug|Any CPU.ActiveCfg = Debug|Any CPU
		{4A6BB2C4-5B62-4500-BDD0-E7C79D18ABF0}.Debug|Any CPU.Build.0 = Debug|Any CPU
		{4A6BB2C4-5B62-4500-BDD0-E7C79D18ABF0}.Debug|Any CPU.Deploy.0 = Debug|Any CPU
		{4A6BB2C4-5B62-4500-BDD0-E7C79D18ABF0}.Dev|Any CPU.ActiveCfg = Dev|Any CPU
		{4A6BB2C4-5B62-4500-BDD0-E7C79D18ABF0}.Dev|Any CPU.Build.0 = Dev|Any CPU
		{4A6BB2C4-5B62-4500-BDD0-E7C79D18ABF0}.Dev|Any CPU.Deploy.0 = Dev|Any CPU
		{4A6BB2C4-5B62-4500-BDD0-E7C79D18ABF0}.Release|Any CPU.ActiveCfg = Release|Any CPU
		{4A6BB2C4-5B62-4500-BDD0-E7C79D18ABF0}.Release|Any CPU.Build.0 = Release|Any CPU
		{4A6BB2C4-5B62-4500-BDD0-E7C79D18ABF0}.Release|Any CPU.Deploy.0 = Release|Any CPU
	EndGlobalSection
	GlobalSection(SolutionProperties) = preSolution
		HideSolutionNode = FALSE
	EndGlobalSection
	GlobalSection(TeamFoundationVersionControl) = preSolution
		SccNumberOfProjects = 2
		SccEnterpriseProvider = {4CA58AB2-18FA-4F8D-95D4-32DDF27D184C}
		SccTeamFoundationServer = http://rcetfseisweb001:8080/tfs/defaultcollection
		SccProjectUniqueName0 = Identity.sqlproj
		SccLocalPath0 = .
		SccLocalPath1 = .
	EndGlobalSection
EndGlobal
