
Microsoft Visual Studio Solution File, Format Version 12.00
# Visual Studio Version 17
VisualStudioVersion = 17.1.32228.430
MinimumVisualStudioVersion = 10.0.40219.1
Project("{FAE04EC0-301F-11D3-BF4B-00C04F79EFBC}") = "Service.LandingAPI", "Service\LandingAPI\Service.LandingAPI.csproj", "{6579D576-A2BB-441D-A638-8DD5E39DB642}"
EndProject
Project("{FAE04EC0-301F-11D3-BF4B-00C04F79EFBC}") = "SharedObjects", "Service\SharedObjects\SharedObjects.csproj", "{941E5338-B2C7-41FD-BAD5-A34A8E732E19}"
EndProject
Project("{FAE04EC0-301F-11D3-BF4B-00C04F79EFBC}") = "DataAccess", "..\..\Foundation\DataAccess\DataAccess.csproj", "{255A94DC-A434-47CC-A472-E162EBDE6BCE}"
EndProject
Project("{FAE04EC0-301F-11D3-BF4B-00C04F79EFBC}") = "Landing", "Web\Landing\Landing.csproj", "{3046ACE6-862F-49F3-9D1A-C6C6831540B4}"
EndProject
Project("{FAE04EC0-301F-11D3-BF4B-00C04F79EFBC}") = "LandingAPI.Test", "Service\LandingAPI\LandingAPI.Test\LandingAPI.Test.csproj", "{76E5B96C-7AD5-4B15-A44A-ECCCB85F1C21}"
EndProject
Project("{FAE04EC0-301F-11D3-BF4B-00C04F79EFBC}") = "Component.Landing", "Component\Landing\Component.Landing.csproj", "{5794A497-56D2-4B0C-A168-D0F75BB21FF9}"
EndProject
Project("{FAE04EC0-301F-11D3-BF4B-00C04F79EFBC}") = "Service.LandingAPIEnterprise", "Service\LandingAPIEnterprise\Service.LandingAPIEnterprise.csproj", "{3AC3AB5F-6B3B-45C9-9E39-6EE6FD07133B}"
EndProject
Project("{2150E333-8FDC-42A3-9474-1A3956D46DE8}") = "01. Api", "01. Api", "{5843C736-9F85-47E1-AA5E-6BE7B97D5072}"
EndProject
Project("{2150E333-8FDC-42A3-9474-1A3956D46DE8}") = "02. Libraries", "02. Libraries", "{9F9CB5C1-0A13-4932-AF7C-7F4EE3089AE4}"
EndProject
Project("{2150E333-8FDC-42A3-9474-1A3956D46DE8}") = "03. Common", "03. Common", "{D670BC61-8D25-47B9-85E3-356080ACCFEC}"
EndProject
Project("{2150E333-8FDC-42A3-9474-1A3956D46DE8}") = "04. Test", "04. Test", "{8B4282C1-D49D-4EAC-A77A-E50982D9771B}"
EndProject
Global
	GlobalSection(SolutionConfigurationPlatforms) = preSolution
		Debug|Any CPU = Debug|Any CPU
		Fortify|Any CPU = Fortify|Any CPU
		Release|Any CPU = Release|Any CPU
	EndGlobalSection
	GlobalSection(ProjectConfigurationPlatforms) = postSolution
		{6579D576-A2BB-441D-A638-8DD5E39DB642}.Debug|Any CPU.ActiveCfg = Debug|Any CPU
		{6579D576-A2BB-441D-A638-8DD5E39DB642}.Debug|Any CPU.Build.0 = Debug|Any CPU
		{6579D576-A2BB-441D-A638-8DD5E39DB642}.Fortify|Any CPU.ActiveCfg = Fortify|Any CPU
		{6579D576-A2BB-441D-A638-8DD5E39DB642}.Fortify|Any CPU.Build.0 = Fortify|Any CPU
		{6579D576-A2BB-441D-A638-8DD5E39DB642}.Release|Any CPU.ActiveCfg = Release|Any CPU
		{6579D576-A2BB-441D-A638-8DD5E39DB642}.Release|Any CPU.Build.0 = Release|Any CPU
		{941E5338-B2C7-41FD-BAD5-A34A8E732E19}.Debug|Any CPU.ActiveCfg = Debug|Any CPU
		{941E5338-B2C7-41FD-BAD5-A34A8E732E19}.Debug|Any CPU.Build.0 = Debug|Any CPU
		{941E5338-B2C7-41FD-BAD5-A34A8E732E19}.Fortify|Any CPU.ActiveCfg = Fortify|Any CPU
		{941E5338-B2C7-41FD-BAD5-A34A8E732E19}.Fortify|Any CPU.Build.0 = Fortify|Any CPU
		{941E5338-B2C7-41FD-BAD5-A34A8E732E19}.Release|Any CPU.ActiveCfg = Release|Any CPU
		{941E5338-B2C7-41FD-BAD5-A34A8E732E19}.Release|Any CPU.Build.0 = Release|Any CPU
		{255A94DC-A434-47CC-A472-E162EBDE6BCE}.Debug|Any CPU.ActiveCfg = Debug|Any CPU
		{255A94DC-A434-47CC-A472-E162EBDE6BCE}.Debug|Any CPU.Build.0 = Debug|Any CPU
		{255A94DC-A434-47CC-A472-E162EBDE6BCE}.Fortify|Any CPU.ActiveCfg = Fortify|Any CPU
		{255A94DC-A434-47CC-A472-E162EBDE6BCE}.Fortify|Any CPU.Build.0 = Fortify|Any CPU
		{255A94DC-A434-47CC-A472-E162EBDE6BCE}.Release|Any CPU.ActiveCfg = Release|Any CPU
		{255A94DC-A434-47CC-A472-E162EBDE6BCE}.Release|Any CPU.Build.0 = Release|Any CPU
		{3046ACE6-862F-49F3-9D1A-C6C6831540B4}.Debug|Any CPU.ActiveCfg = Debug|Any CPU
		{3046ACE6-862F-49F3-9D1A-C6C6831540B4}.Debug|Any CPU.Build.0 = Debug|Any CPU
		{3046ACE6-862F-49F3-9D1A-C6C6831540B4}.Fortify|Any CPU.ActiveCfg = Fortify|Any CPU
		{3046ACE6-862F-49F3-9D1A-C6C6831540B4}.Fortify|Any CPU.Build.0 = Fortify|Any CPU
		{3046ACE6-862F-49F3-9D1A-C6C6831540B4}.Release|Any CPU.ActiveCfg = Release|Any CPU
		{3046ACE6-862F-49F3-9D1A-C6C6831540B4}.Release|Any CPU.Build.0 = Release|Any CPU
		{76E5B96C-7AD5-4B15-A44A-ECCCB85F1C21}.Debug|Any CPU.ActiveCfg = Debug|Any CPU
		{76E5B96C-7AD5-4B15-A44A-ECCCB85F1C21}.Debug|Any CPU.Build.0 = Debug|Any CPU
		{76E5B96C-7AD5-4B15-A44A-ECCCB85F1C21}.Fortify|Any CPU.ActiveCfg = Fortify|Any CPU
		{76E5B96C-7AD5-4B15-A44A-ECCCB85F1C21}.Release|Any CPU.ActiveCfg = Release|Any CPU
		{76E5B96C-7AD5-4B15-A44A-ECCCB85F1C21}.Release|Any CPU.Build.0 = Release|Any CPU
		{5794A497-56D2-4B0C-A168-D0F75BB21FF9}.Debug|Any CPU.ActiveCfg = Debug|Any CPU
		{5794A497-56D2-4B0C-A168-D0F75BB21FF9}.Debug|Any CPU.Build.0 = Debug|Any CPU
		{5794A497-56D2-4B0C-A168-D0F75BB21FF9}.Fortify|Any CPU.ActiveCfg = Fortify|Any CPU
		{5794A497-56D2-4B0C-A168-D0F75BB21FF9}.Fortify|Any CPU.Build.0 = Fortify|Any CPU
		{5794A497-56D2-4B0C-A168-D0F75BB21FF9}.Release|Any CPU.ActiveCfg = Release|Any CPU
		{5794A497-56D2-4B0C-A168-D0F75BB21FF9}.Release|Any CPU.Build.0 = Release|Any CPU
		{3AC3AB5F-6B3B-45C9-9E39-6EE6FD07133B}.Debug|Any CPU.ActiveCfg = Debug|Any CPU
		{3AC3AB5F-6B3B-45C9-9E39-6EE6FD07133B}.Debug|Any CPU.Build.0 = Debug|Any CPU
		{3AC3AB5F-6B3B-45C9-9E39-6EE6FD07133B}.Fortify|Any CPU.ActiveCfg = Fortify|Any CPU
		{3AC3AB5F-6B3B-45C9-9E39-6EE6FD07133B}.Fortify|Any CPU.Build.0 = Fortify|Any CPU
		{3AC3AB5F-6B3B-45C9-9E39-6EE6FD07133B}.Release|Any CPU.ActiveCfg = Release|Any CPU
		{3AC3AB5F-6B3B-45C9-9E39-6EE6FD07133B}.Release|Any CPU.Build.0 = Release|Any CPU
	EndGlobalSection
	GlobalSection(SolutionProperties) = preSolution
		HideSolutionNode = FALSE
	EndGlobalSection
	GlobalSection(NestedProjects) = preSolution
		{6579D576-A2BB-441D-A638-8DD5E39DB642} = {5843C736-9F85-47E1-AA5E-6BE7B97D5072}
		{941E5338-B2C7-41FD-BAD5-A34A8E732E19} = {D670BC61-8D25-47B9-85E3-356080ACCFEC}
		{255A94DC-A434-47CC-A472-E162EBDE6BCE} = {9F9CB5C1-0A13-4932-AF7C-7F4EE3089AE4}
		{3046ACE6-862F-49F3-9D1A-C6C6831540B4} = {5843C736-9F85-47E1-AA5E-6BE7B97D5072}
		{76E5B96C-7AD5-4B15-A44A-ECCCB85F1C21} = {8B4282C1-D49D-4EAC-A77A-E50982D9771B}
		{5794A497-56D2-4B0C-A168-D0F75BB21FF9} = {9F9CB5C1-0A13-4932-AF7C-7F4EE3089AE4}
		{3AC3AB5F-6B3B-45C9-9E39-6EE6FD07133B} = {5843C736-9F85-47E1-AA5E-6BE7B97D5072}
	EndGlobalSection
	GlobalSection(ExtensibilityGlobals) = postSolution
		SolutionGuid = {4313EFCC-954B-41B3-A231-ED429A7D2454}
	EndGlobalSection
EndGlobal
