
Microsoft Visual Studio Solution File, Format Version 12.00
# Visual Studio Version 16
VisualStudioVersion = 16.0.29123.88
MinimumVisualStudioVersion = 10.0.40219.1
Project("{FAE04EC0-301F-11D3-BF4B-00C04F79EFBC}") = "UnityGBDisableUser", "WinService\UnityGBDisableUser\UnityGBDisableUser.csproj", "{B30ACDB8-E1A4-4B0C-AD54-0F460B95940B}"
EndProject
Project("{FAE04EC0-301F-11D3-BF4B-00C04F79EFBC}") = "DataAccess", "..\..\Foundation\DataAccess\DataAccess.csproj", "{255A94DC-A434-47CC-A472-E162EBDE6BCE}"
EndProject
Project("{FAE04EC0-301F-11D3-BF4B-00C04F79EFBC}") = "Audit.Core", "..\..\Foundation\Audit\Audit.Core\Audit.Core.csproj", "{6F35C5E7-05CE-48D8-8ED5-FA191F57AE46}"
EndProject
Global
	GlobalSection(SolutionConfigurationPlatforms) = preSolution
		Debug|Any CPU = Debug|Any CPU
		DEV|Any CPU = DEV|Any CPU
		Release|Any CPU = Release|Any CPU
		Token|Any CPU = Token|Any CPU
	EndGlobalSection
	GlobalSection(ProjectConfigurationPlatforms) = postSolution
		{B30ACDB8-E1A4-4B0C-AD54-0F460B95940B}.Debug|Any CPU.ActiveCfg = Debug|Any CPU
		{B30ACDB8-E1A4-4B0C-AD54-0F460B95940B}.Debug|Any CPU.Build.0 = Debug|Any CPU
		{B30ACDB8-E1A4-4B0C-AD54-0F460B95940B}.DEV|Any CPU.ActiveCfg = Debug|Any CPU
		{B30ACDB8-E1A4-4B0C-AD54-0F460B95940B}.DEV|Any CPU.Build.0 = Debug|Any CPU
		{B30ACDB8-E1A4-4B0C-AD54-0F460B95940B}.Release|Any CPU.ActiveCfg = Release|Any CPU
		{B30ACDB8-E1A4-4B0C-AD54-0F460B95940B}.Release|Any CPU.Build.0 = Release|Any CPU
		{B30ACDB8-E1A4-4B0C-AD54-0F460B95940B}.Token|Any CPU.ActiveCfg = Release|Any CPU
		{B30ACDB8-E1A4-4B0C-AD54-0F460B95940B}.Token|Any CPU.Build.0 = Release|Any CPU
		{255A94DC-A434-47CC-A472-E162EBDE6BCE}.Debug|Any CPU.ActiveCfg = Debug|Any CPU
		{255A94DC-A434-47CC-A472-E162EBDE6BCE}.Debug|Any CPU.Build.0 = Debug|Any CPU
		{255A94DC-A434-47CC-A472-E162EBDE6BCE}.DEV|Any CPU.ActiveCfg = Debug|Any CPU
		{255A94DC-A434-47CC-A472-E162EBDE6BCE}.DEV|Any CPU.Build.0 = Debug|Any CPU
		{255A94DC-A434-47CC-A472-E162EBDE6BCE}.Release|Any CPU.ActiveCfg = Release|Any CPU
		{255A94DC-A434-47CC-A472-E162EBDE6BCE}.Release|Any CPU.Build.0 = Release|Any CPU
		{255A94DC-A434-47CC-A472-E162EBDE6BCE}.Token|Any CPU.ActiveCfg = Release|Any CPU
		{255A94DC-A434-47CC-A472-E162EBDE6BCE}.Token|Any CPU.Build.0 = Release|Any CPU
		{6F35C5E7-05CE-48D8-8ED5-FA191F57AE46}.Debug|Any CPU.ActiveCfg = Debug|Any CPU
		{6F35C5E7-05CE-48D8-8ED5-FA191F57AE46}.Debug|Any CPU.Build.0 = Debug|Any CPU
		{6F35C5E7-05CE-48D8-8ED5-FA191F57AE46}.DEV|Any CPU.ActiveCfg = Debug|Any CPU
		{6F35C5E7-05CE-48D8-8ED5-FA191F57AE46}.DEV|Any CPU.Build.0 = Debug|Any CPU
		{6F35C5E7-05CE-48D8-8ED5-FA191F57AE46}.Release|Any CPU.ActiveCfg = Release|Any CPU
		{6F35C5E7-05CE-48D8-8ED5-FA191F57AE46}.Release|Any CPU.Build.0 = Release|Any CPU
		{6F35C5E7-05CE-48D8-8ED5-FA191F57AE46}.Token|Any CPU.ActiveCfg = Release|Any CPU
		{6F35C5E7-05CE-48D8-8ED5-FA191F57AE46}.Token|Any CPU.Build.0 = Release|Any CPU
	EndGlobalSection
	GlobalSection(SolutionProperties) = preSolution
		HideSolutionNode = FALSE
	EndGlobalSection
	GlobalSection(ExtensibilityGlobals) = postSolution
		SolutionGuid = {AD15B781-F63B-4AA3-BD5B-056063BB46D0}
	EndGlobalSection
	GlobalSection(TeamFoundationVersionControl) = preSolution
		SccNumberOfProjects = 4
		SccEnterpriseProvider = {4CA58AB2-18FA-4F8D-95D4-32DDF27D184C}
		SccTeamFoundationServer = http://rcetfseisweb001:8080/tfs/defaultcollection
		SccLocalPath0 = .
		SccProjectUniqueName1 = ..\\..\\Foundation\\DataAccess\\DataAccess.csproj
		SccProjectName1 = ../../Foundation/DataAccess
		SccLocalPath1 = ..\\..\\Foundation\\DataAccess
		SccProjectUniqueName2 = ..\\..\\Foundation\\Audit\\Audit.Core\\Audit.Core.csproj
		SccProjectName2 = ../../Foundation/Audit/Audit.Core
		SccLocalPath2 = ..\\..\\Foundation\\Audit\\Audit.Core
		SccProjectUniqueName3 = WinService\\UnityGBDisableUser\\UnityGBDisableUser.csproj
		SccProjectName3 = WinService/UnityGBDisableUser
		SccLocalPath3 = WinService\\UnityGBDisableUser
	EndGlobalSection
EndGlobal
