
Microsoft Visual Studio Solution File, Format Version 12.00
# Visual Studio Version 16
VisualStudioVersion = 16.0.31409.214
MinimumVisualStudioVersion = 10.0.40219.1
Project("{00D1A9C2-B5F0-4AF3-8072-F6C62B433612}") = "AuditDBV2", "AuditDBV2\AuditDBV2.sqlproj", "{C54D6F29-B46D-485E-AEF5-CB4075B863AF}"
EndProject
Project("{00D1A9C2-B5F0-4AF3-8072-F6C62B433612}") = "AuditArchiveDB", "AuditArchiveDB\AuditArchiveDB.sqlproj", "{37F16320-4930-45EC-8631-04492BF366AB}"
EndProject
Global
	GlobalSection(SolutionConfigurationPlatforms) = preSolution
		Debug|Any CPU = Debug|Any CPU
		Release|Any CPU = Release|Any CPU
	EndGlobalSection
	GlobalSection(ProjectConfigurationPlatforms) = postSolution
		{C54D6F29-B46D-485E-AEF5-CB4075B863AF}.Debug|Any CPU.ActiveCfg = Debug|Any CPU
		{C54D6F29-B46D-485E-AEF5-CB4075B863AF}.Debug|Any CPU.Build.0 = Debug|Any CPU
		{C54D6F29-B46D-485E-AEF5-CB4075B863AF}.Debug|Any CPU.Deploy.0 = Debug|Any CPU
		{C54D6F29-B46D-485E-AEF5-CB4075B863AF}.Release|Any CPU.ActiveCfg = Release|Any CPU
		{C54D6F29-B46D-485E-AEF5-CB4075B863AF}.Release|Any CPU.Build.0 = Release|Any CPU
		{C54D6F29-B46D-485E-AEF5-CB4075B863AF}.Release|Any CPU.Deploy.0 = Release|Any CPU
		{37F16320-4930-45EC-8631-04492BF366AB}.Debug|Any CPU.ActiveCfg = Debug|Any CPU
		{37F16320-4930-45EC-8631-04492BF366AB}.Debug|Any CPU.Build.0 = Debug|Any CPU
		{37F16320-4930-45EC-8631-04492BF366AB}.Debug|Any CPU.Deploy.0 = Debug|Any CPU
		{37F16320-4930-45EC-8631-04492BF366AB}.Release|Any CPU.ActiveCfg = Release|Any CPU
		{37F16320-4930-45EC-8631-04492BF366AB}.Release|Any CPU.Build.0 = Release|Any CPU
		{37F16320-4930-45EC-8631-04492BF366AB}.Release|Any CPU.Deploy.0 = Release|Any CPU
	EndGlobalSection
	GlobalSection(SolutionProperties) = preSolution
		HideSolutionNode = FALSE
	EndGlobalSection
	GlobalSection(ExtensibilityGlobals) = postSolution
		SolutionGuid = {CB5E5539-1E24-4C4B-8583-6CE3378D46FD}
	EndGlobalSection
EndGlobal
