
Microsoft Visual Studio Solution File, Format Version 12.00
# Visual Studio Version 18
VisualStudioVersion = 18.0.11201.2
MinimumVisualStudioVersion = 10.0.40219.1
Project("{FAE04EC0-301F-11D3-BF4B-00C04F79EFBC}") = "UnifiedLogin.DataAccess", "UnifiedLogin.DataAccess\UnifiedLogin.DataAccess.csproj", "{45E8AD2D-F6CC-99C0-B6AF-489676982DA4}"
EndProject
Project("{FAE04EC0-301F-11D3-BF4B-00C04F79EFBC}") = "UnifiedLogin.SharedObjects", "UnifiedLogin.SharedObjects\UnifiedLogin.SharedObjects.csproj", "{17F06FD2-78E2-5D4A-2D36-870FA512E48A}"
EndProject
Project("{FAE04EC0-301F-11D3-BF4B-00C04F79EFBC}") = "UnifiedLogin.BusinessLogic", "UnifiedLogin.BusinessLogic\UnifiedLogin.BusinessLogic.csproj", "{97AC1293-40CE-60BC-501E-3F5BE90CE104}"
EndProject
Project("{FAE04EC0-301F-11D3-BF4B-00C04F79EFBC}") = "UnifiedLogin.LandingAPI", "UnifiedLogin.LandingAPI\UnifiedLogin.LandingAPI.csproj", "{8DF39D93-A99C-A8C7-DD3E-0B0B5771F027}"
EndProject
Project("{2150E333-8FDC-42A3-9474-1A3956D46DE8}") = "Libraries", "Libraries", "{6FACADE4-FF08-4662-988E-E9105CF42036}"
EndProject
Project("{2150E333-8FDC-42A3-9474-1A3956D46DE8}") = "Database", "Database", "{785CC565-C777-45E6-B814-79EA96A7323B}"
EndProject
Project("{2150E333-8FDC-42A3-9474-1A3956D46DE8}") = "Tests", "Tests", "{C2E7D910-89FD-409E-AD80-04499D6E8133}"
EndProject
Project("{2150E333-8FDC-42A3-9474-1A3956D46DE8}") = ".shared", ".shared", "{5B5B5E74-3DF2-405D-860E-032C5061C66A}"
	ProjectSection(SolutionItems) = preProject
		.gitignore = .gitignore
		Directory.Packages.props = Directory.Packages.props
		Tests\tests.runsettings = Tests\tests.runsettings
	EndProjectSection
EndProject
Project("{FAE04EC0-301F-11D3-BF4B-00C04F79EFBC}") = "UnifiedLogin.Core", "UnifiedLogin.Core\UnifiedLogin.Core.csproj", "{089D5B6A-54A4-4C36-F772-879BFA825E13}"
EndProject
Project("{FAE04EC0-301F-11D3-BF4B-00C04F79EFBC}") = "UnifiedLogin.AppHost", "UnifiedLogin.AppHost\UnifiedLogin.AppHost.csproj", "{5CF076F8-86FD-4225-90AC-D86658EC0706}"
EndProject
Project("{FAE04EC0-301F-11D3-BF4B-00C04F79EFBC}") = "UnifiedLogin.ServiceDefaults", "UnifiedLogin.ServiceDefaults\UnifiedLogin.ServiceDefaults.csproj", "{8AEDBF9C-5197-B636-3916-DC17B7EEF4AF}"
EndProject
Project("{FAE04EC0-301F-11D3-BF4B-00C04F79EFBC}") = "UnifiedLogin.LandingAPIEnterprise", "UnifiedLogin.LandingAPIEnterprise\UnifiedLogin.LandingAPIEnterprise.csproj", "{7AE36108-834C-4427-BBCD-41877A371D16}"
EndProject
Project("{FAE04EC0-301F-11D3-BF4B-00C04F79EFBC}") = "UnifiedLogin.LandingAPI.Tests", "Tests\UnifiedLogin.LandingAPI.Tests\UnifiedLogin.LandingAPI.Tests.csproj", "{FBB83EB0-9F9A-D72C-4F94-47F9DBCFB607}"
EndProject
Project("{2150E333-8FDC-42A3-9474-1A3956D46DE8}") = "Services", "Services", "{CB8D45C3-7964-4671-9868-33D14BC1AD51}"
EndProject
Project("{FAE04EC0-301F-11D3-BF4B-00C04F79EFBC}") = "UnifiedLogin.BatchProcessor", "Services\UnifiedLogin.BatchProcessor\UnifiedLogin.BatchProcessor.csproj", "{2A71BDC0-F717-91C8-E7A5-AD0E1E2E72C1}"
EndProject
Project("{2150E333-8FDC-42A3-9474-1A3956D46DE8}") = "build", "build", "{E90F0270-BA90-4D29-8AB6-DD9EC716DB76}"
EndProject
Project("{2150E333-8FDC-42A3-9474-1A3956D46DE8}") = "deploy", "deploy", "{15A16207-3D78-4DA8-AAC0-C3E2EB986B55}"
EndProject
Project("{2150E333-8FDC-42A3-9474-1A3956D46DE8}") = "jobs", "jobs", "{8DE19001-9436-44AC-BE4C-E179A234EC5A}"
	ProjectSection(SolutionItems) = preProject
		.azure-pipelines\build\jobs\db-job.yml = .azure-pipelines\build\jobs\db-job.yml
		.azure-pipelines\build\jobs\docker-job.yml = .azure-pipelines\build\jobs\docker-job.yml
		.azure-pipelines\build\jobs\k8s-job.yml = .azure-pipelines\build\jobs\k8s-job.yml
		.azure-pipelines\build\jobs\test-job.yml = .azure-pipelines\build\jobs\test-job.yml
	EndProjectSection
EndProject
Project("{2150E333-8FDC-42A3-9474-1A3956D46DE8}") = "stages", "stages", "{F140223E-0AD1-4713-85E3-FADB6D7B07B3}"
	ProjectSection(SolutionItems) = preProject
		.azure-pipelines\build\stages\build-stage.yml = .azure-pipelines\build\stages\build-stage.yml
		.azure-pipelines\build\stages\pr-build-stage.yml = .azure-pipelines\build\stages\pr-build-stage.yml
	EndProjectSection
EndProject
Project("{2150E333-8FDC-42A3-9474-1A3956D46DE8}") = "jobs", "jobs", "{60930018-349B-44A5-8B05-222927800984}"
	ProjectSection(SolutionItems) = preProject
		.azure-pipelines\deploy\jobs\dacpac-job.yml = .azure-pipelines\deploy\jobs\dacpac-job.yml
		.azure-pipelines\deploy\jobs\int-dacpac-job.yml = .azure-pipelines\deploy\jobs\int-dacpac-job.yml
		.azure-pipelines\deploy\jobs\int-job.yml = .azure-pipelines\deploy\jobs\int-job.yml
		.azure-pipelines\deploy\jobs\k8sjob.yml = .azure-pipelines\deploy\jobs\k8sjob.yml
	EndProjectSection
EndProject
Project("{2150E333-8FDC-42A3-9474-1A3956D46DE8}") = "stages", "stages", "{CCE938EF-D54A-4708-AFD9-8ACF05607F4B}"
	ProjectSection(SolutionItems) = preProject
		.azure-pipelines\deploy\stages\dev-stage.yml = .azure-pipelines\deploy\stages\dev-stage.yml
		.azure-pipelines\deploy\stages\qa-stage.yml = .azure-pipelines\deploy\stages\qa-stage.yml
		.azure-pipelines\deploy\stages\sat-stage.yml = .azure-pipelines\deploy\stages\sat-stage.yml
		.azure-pipelines\deploy\stages\test-ready-stage.yml = .azure-pipelines\deploy\stages\test-ready-stage.yml
	EndProjectSection
EndProject
Project("{2150E333-8FDC-42A3-9474-1A3956D46DE8}") = ".azure-pipelines", ".azure-pipelines", "{F5E1119C-92CB-4FDE-81AB-1DE74AF7E9B1}"
EndProject
Project("{2150E333-8FDC-42A3-9474-1A3956D46DE8}") = "appsettings", "appsettings", "{14EFD7F5-4978-4F04-B57C-5AC5CA8E9DE2}"
	ProjectSection(SolutionItems) = preProject
		.shared\appsettings\appsettings.demo.json = .shared\appsettings\appsettings.demo.json
		.shared\appsettings\appsettings.dev.json = .shared\appsettings\appsettings.dev.json
		.shared\appsettings\appsettings.euprod.json = .shared\appsettings\appsettings.euprod.json
		.shared\appsettings\appsettings.eusat.json = .shared\appsettings\appsettings.eusat.json
		.shared\appsettings\appsettings.local.json = .shared\appsettings\appsettings.local.json
		.shared\appsettings\appsettings.preprod.json = .shared\appsettings\appsettings.preprod.json
		.shared\appsettings\appsettings.prod.json = .shared\appsettings\appsettings.prod.json
		.shared\appsettings\appsettings.qa.json = .shared\appsettings\appsettings.qa.json
		.shared\appsettings\appsettings.sandbox.json = .shared\appsettings\appsettings.sandbox.json
		.shared\appsettings\appsettings.training.json = .shared\appsettings\appsettings.training.json
		.shared\appsettings\appsettings.uat.json = .shared\appsettings\appsettings.uat.json
	EndProjectSection
EndProject
Project("{2150E333-8FDC-42A3-9474-1A3956D46DE8}") = "K8s", "K8s", "{9237554F-710E-4A55-9DAE-7D19B1953A07}"
EndProject
Project("{2150E333-8FDC-42A3-9474-1A3956D46DE8}") = "rancher", "rancher", "{B61AE180-7799-48AE-9D4F-31E5FB1723C9}"
	ProjectSection(SolutionItems) = preProject
		K8s\rancher\api.autoscaling.yml = K8s\rancher\api.autoscaling.yml
		k8s\rancher\api.configmap.yml = k8s\rancher\api.configmap.yml
		K8s\rancher\api.deployment.yml = K8s\rancher\api.deployment.yml
		K8s\rancher\api.httproute.yml = K8s\rancher\api.httproute.yml
		K8s\rancher\api.service.yml = K8s\rancher\api.service.yml
		K8s\rancher\entapi.autoscaling.yml = K8s\rancher\entapi.autoscaling.yml
		K8s\rancher\entapi.configmap.yml = K8s\rancher\entapi.configmap.yml
		K8s\rancher\entapi.deployment.yml = K8s\rancher\entapi.deployment.yml
		K8s\rancher\entapi.httproute.yml = K8s\rancher\entapi.httproute.yml
		K8s\rancher\entapi.service.yml = K8s\rancher\entapi.service.yml
	EndProjectSection
EndProject
Project("{2150E333-8FDC-42A3-9474-1A3956D46DE8}") = "aws", "aws", "{62C8E13E-3E28-4565-875E-788F2591BA76}"
	ProjectSection(SolutionItems) = preProject
		k8s\aws\api.configmap.yml = k8s\aws\api.configmap.yml
	EndProjectSection
EndProject
Project("{2150E333-8FDC-42A3-9474-1A3956D46DE8}") = "gcp", "gcp", "{8A7C54EF-29B9-4150-9C6A-DF48FAAEE7B3}"
	ProjectSection(SolutionItems) = preProject
		k8s\gcp\api.configmap.yml = k8s\gcp\api.configmap.yml
	EndProjectSection
EndProject
Project("{E53339B2-1760-4266-BCC7-CA923CBCF16C}") = "docker-compose", "docker-compose.dcproj", "{EBF1BED5-3E96-4443-85D3-74979F01276F}"
EndProject
Global
	GlobalSection(SolutionConfigurationPlatforms) = preSolution
		Debug|Any CPU = Debug|Any CPU
		Debug|x64 = Debug|x64
		Debug|x86 = Debug|x86
		Dev|Any CPU = Dev|Any CPU
		Dev|x64 = Dev|x64
		Dev|x86 = Dev|x86
		Release|Any CPU = Release|Any CPU
		Release|x64 = Release|x64
		Release|x86 = Release|x86
	EndGlobalSection
	GlobalSection(ProjectConfigurationPlatforms) = postSolution
		{45E8AD2D-F6CC-99C0-B6AF-489676982DA4}.Debug|Any CPU.ActiveCfg = Debug|Any CPU
		{45E8AD2D-F6CC-99C0-B6AF-489676982DA4}.Debug|Any CPU.Build.0 = Debug|Any CPU
		{45E8AD2D-F6CC-99C0-B6AF-489676982DA4}.Debug|x64.ActiveCfg = Debug|Any CPU
		{45E8AD2D-F6CC-99C0-B6AF-489676982DA4}.Debug|x64.Build.0 = Debug|Any CPU
		{45E8AD2D-F6CC-99C0-B6AF-489676982DA4}.Debug|x86.ActiveCfg = Debug|Any CPU
		{45E8AD2D-F6CC-99C0-B6AF-489676982DA4}.Debug|x86.Build.0 = Debug|Any CPU
		{45E8AD2D-F6CC-99C0-B6AF-489676982DA4}.Dev|Any CPU.ActiveCfg = Release|Any CPU
		{45E8AD2D-F6CC-99C0-B6AF-489676982DA4}.Dev|Any CPU.Build.0 = Release|Any CPU
		{45E8AD2D-F6CC-99C0-B6AF-489676982DA4}.Dev|x64.ActiveCfg = Release|Any CPU
		{45E8AD2D-F6CC-99C0-B6AF-489676982DA4}.Dev|x64.Build.0 = Release|Any CPU
		{45E8AD2D-F6CC-99C0-B6AF-489676982DA4}.Dev|x86.ActiveCfg = Release|Any CPU
		{45E8AD2D-F6CC-99C0-B6AF-489676982DA4}.Dev|x86.Build.0 = Release|Any CPU
		{45E8AD2D-F6CC-99C0-B6AF-489676982DA4}.Release|Any CPU.ActiveCfg = Release|Any CPU
		{45E8AD2D-F6CC-99C0-B6AF-489676982DA4}.Release|Any CPU.Build.0 = Release|Any CPU
		{45E8AD2D-F6CC-99C0-B6AF-489676982DA4}.Release|x64.ActiveCfg = Release|Any CPU
		{45E8AD2D-F6CC-99C0-B6AF-489676982DA4}.Release|x64.Build.0 = Release|Any CPU
		{45E8AD2D-F6CC-99C0-B6AF-489676982DA4}.Release|x86.ActiveCfg = Release|Any CPU
		{45E8AD2D-F6CC-99C0-B6AF-489676982DA4}.Release|x86.Build.0 = Release|Any CPU
		{17F06FD2-78E2-5D4A-2D36-870FA512E48A}.Debug|Any CPU.ActiveCfg = Debug|Any CPU
		{17F06FD2-78E2-5D4A-2D36-870FA512E48A}.Debug|Any CPU.Build.0 = Debug|Any CPU
		{17F06FD2-78E2-5D4A-2D36-870FA512E48A}.Debug|x64.ActiveCfg = Debug|Any CPU
		{17F06FD2-78E2-5D4A-2D36-870FA512E48A}.Debug|x64.Build.0 = Debug|Any CPU
		{17F06FD2-78E2-5D4A-2D36-870FA512E48A}.Debug|x86.ActiveCfg = Debug|Any CPU
		{17F06FD2-78E2-5D4A-2D36-870FA512E48A}.Debug|x86.Build.0 = Debug|Any CPU
		{17F06FD2-78E2-5D4A-2D36-870FA512E48A}.Dev|Any CPU.ActiveCfg = Release|Any CPU
		{17F06FD2-78E2-5D4A-2D36-870FA512E48A}.Dev|Any CPU.Build.0 = Release|Any CPU
		{17F06FD2-78E2-5D4A-2D36-870FA512E48A}.Dev|x64.ActiveCfg = Release|Any CPU
		{17F06FD2-78E2-5D4A-2D36-870FA512E48A}.Dev|x64.Build.0 = Release|Any CPU
		{17F06FD2-78E2-5D4A-2D36-870FA512E48A}.Dev|x86.ActiveCfg = Release|Any CPU
		{17F06FD2-78E2-5D4A-2D36-870FA512E48A}.Dev|x86.Build.0 = Release|Any CPU
		{17F06FD2-78E2-5D4A-2D36-870FA512E48A}.Release|Any CPU.ActiveCfg = Release|Any CPU
		{17F06FD2-78E2-5D4A-2D36-870FA512E48A}.Release|Any CPU.Build.0 = Release|Any CPU
		{17F06FD2-78E2-5D4A-2D36-870FA512E48A}.Release|x64.ActiveCfg = Release|Any CPU
		{17F06FD2-78E2-5D4A-2D36-870FA512E48A}.Release|x64.Build.0 = Release|Any CPU
		{17F06FD2-78E2-5D4A-2D36-870FA512E48A}.Release|x86.ActiveCfg = Release|Any CPU
		{17F06FD2-78E2-5D4A-2D36-870FA512E48A}.Release|x86.Build.0 = Release|Any CPU
		{97AC1293-40CE-60BC-501E-3F5BE90CE104}.Debug|Any CPU.ActiveCfg = Debug|Any CPU
		{97AC1293-40CE-60BC-501E-3F5BE90CE104}.Debug|Any CPU.Build.0 = Debug|Any CPU
		{97AC1293-40CE-60BC-501E-3F5BE90CE104}.Debug|x64.ActiveCfg = Debug|Any CPU
		{97AC1293-40CE-60BC-501E-3F5BE90CE104}.Debug|x64.Build.0 = Debug|Any CPU
		{97AC1293-40CE-60BC-501E-3F5BE90CE104}.Debug|x86.ActiveCfg = Debug|Any CPU
		{97AC1293-40CE-60BC-501E-3F5BE90CE104}.Debug|x86.Build.0 = Debug|Any CPU
		{97AC1293-40CE-60BC-501E-3F5BE90CE104}.Dev|Any CPU.ActiveCfg = Release|Any CPU
		{97AC1293-40CE-60BC-501E-3F5BE90CE104}.Dev|Any CPU.Build.0 = Release|Any CPU
		{97AC1293-40CE-60BC-501E-3F5BE90CE104}.Dev|x64.ActiveCfg = Release|Any CPU
		{97AC1293-40CE-60BC-501E-3F5BE90CE104}.Dev|x64.Build.0 = Release|Any CPU
		{97AC1293-40CE-60BC-501E-3F5BE90CE104}.Dev|x86.ActiveCfg = Release|Any CPU
		{97AC1293-40CE-60BC-501E-3F5BE90CE104}.Dev|x86.Build.0 = Release|Any CPU
		{97AC1293-40CE-60BC-501E-3F5BE90CE104}.Release|Any CPU.ActiveCfg = Release|Any CPU
		{97AC1293-40CE-60BC-501E-3F5BE90CE104}.Release|Any CPU.Build.0 = Release|Any CPU
		{97AC1293-40CE-60BC-501E-3F5BE90CE104}.Release|x64.ActiveCfg = Release|Any CPU
		{97AC1293-40CE-60BC-501E-3F5BE90CE104}.Release|x64.Build.0 = Release|Any CPU
		{97AC1293-40CE-60BC-501E-3F5BE90CE104}.Release|x86.ActiveCfg = Release|Any CPU
		{97AC1293-40CE-60BC-501E-3F5BE90CE104}.Release|x86.Build.0 = Release|Any CPU
		{8DF39D93-A99C-A8C7-DD3E-0B0B5771F027}.Debug|Any CPU.ActiveCfg = Debug|Any CPU
		{8DF39D93-A99C-A8C7-DD3E-0B0B5771F027}.Debug|Any CPU.Build.0 = Debug|Any CPU
		{8DF39D93-A99C-A8C7-DD3E-0B0B5771F027}.Debug|x64.ActiveCfg = Debug|Any CPU
		{8DF39D93-A99C-A8C7-DD3E-0B0B5771F027}.Debug|x64.Build.0 = Debug|Any CPU
		{8DF39D93-A99C-A8C7-DD3E-0B0B5771F027}.Debug|x86.ActiveCfg = Debug|Any CPU
		{8DF39D93-A99C-A8C7-DD3E-0B0B5771F027}.Debug|x86.Build.0 = Debug|Any CPU
		{8DF39D93-A99C-A8C7-DD3E-0B0B5771F027}.Dev|Any CPU.ActiveCfg = Release|Any CPU
		{8DF39D93-A99C-A8C7-DD3E-0B0B5771F027}.Dev|Any CPU.Build.0 = Release|Any CPU
		{8DF39D93-A99C-A8C7-DD3E-0B0B5771F027}.Dev|x64.ActiveCfg = Release|Any CPU
		{8DF39D93-A99C-A8C7-DD3E-0B0B5771F027}.Dev|x64.Build.0 = Release|Any CPU
		{8DF39D93-A99C-A8C7-DD3E-0B0B5771F027}.Dev|x86.ActiveCfg = Release|Any CPU
		{8DF39D93-A99C-A8C7-DD3E-0B0B5771F027}.Dev|x86.Build.0 = Release|Any CPU
		{8DF39D93-A99C-A8C7-DD3E-0B0B5771F027}.Release|Any CPU.ActiveCfg = Release|Any CPU
		{8DF39D93-A99C-A8C7-DD3E-0B0B5771F027}.Release|Any CPU.Build.0 = Release|Any CPU
		{8DF39D93-A99C-A8C7-DD3E-0B0B5771F027}.Release|x64.ActiveCfg = Release|Any CPU
		{8DF39D93-A99C-A8C7-DD3E-0B0B5771F027}.Release|x64.Build.0 = Release|Any CPU
		{8DF39D93-A99C-A8C7-DD3E-0B0B5771F027}.Release|x86.ActiveCfg = Release|Any CPU
		{8DF39D93-A99C-A8C7-DD3E-0B0B5771F027}.Release|x86.Build.0 = Release|Any CPU
		{089D5B6A-54A4-4C36-F772-879BFA825E13}.Debug|Any CPU.ActiveCfg = Debug|Any CPU
		{089D5B6A-54A4-4C36-F772-879BFA825E13}.Debug|Any CPU.Build.0 = Debug|Any CPU
		{089D5B6A-54A4-4C36-F772-879BFA825E13}.Debug|x64.ActiveCfg = Debug|Any CPU
		{089D5B6A-54A4-4C36-F772-879BFA825E13}.Debug|x64.Build.0 = Debug|Any CPU
		{089D5B6A-54A4-4C36-F772-879BFA825E13}.Debug|x86.ActiveCfg = Debug|Any CPU
		{089D5B6A-54A4-4C36-F772-879BFA825E13}.Debug|x86.Build.0 = Debug|Any CPU
		{089D5B6A-54A4-4C36-F772-879BFA825E13}.Dev|Any CPU.ActiveCfg = Release|Any CPU
		{089D5B6A-54A4-4C36-F772-879BFA825E13}.Dev|Any CPU.Build.0 = Release|Any CPU
		{089D5B6A-54A4-4C36-F772-879BFA825E13}.Dev|x64.ActiveCfg = Release|Any CPU
		{089D5B6A-54A4-4C36-F772-879BFA825E13}.Dev|x64.Build.0 = Release|Any CPU
		{089D5B6A-54A4-4C36-F772-879BFA825E13}.Dev|x86.ActiveCfg = Release|Any CPU
		{089D5B6A-54A4-4C36-F772-879BFA825E13}.Dev|x86.Build.0 = Release|Any CPU
		{089D5B6A-54A4-4C36-F772-879BFA825E13}.Release|Any CPU.ActiveCfg = Release|Any CPU
		{089D5B6A-54A4-4C36-F772-879BFA825E13}.Release|Any CPU.Build.0 = Release|Any CPU
		{089D5B6A-54A4-4C36-F772-879BFA825E13}.Release|x64.ActiveCfg = Release|Any CPU
		{089D5B6A-54A4-4C36-F772-879BFA825E13}.Release|x64.Build.0 = Release|Any CPU
		{089D5B6A-54A4-4C36-F772-879BFA825E13}.Release|x86.ActiveCfg = Release|Any CPU
		{089D5B6A-54A4-4C36-F772-879BFA825E13}.Release|x86.Build.0 = Release|Any CPU
		{5CF076F8-86FD-4225-90AC-D86658EC0706}.Debug|Any CPU.ActiveCfg = Debug|Any CPU
		{5CF076F8-86FD-4225-90AC-D86658EC0706}.Debug|Any CPU.Build.0 = Debug|Any CPU
		{5CF076F8-86FD-4225-90AC-D86658EC0706}.Debug|x64.ActiveCfg = Debug|Any CPU
		{5CF076F8-86FD-4225-90AC-D86658EC0706}.Debug|x64.Build.0 = Debug|Any CPU
		{5CF076F8-86FD-4225-90AC-D86658EC0706}.Debug|x86.ActiveCfg = Debug|Any CPU
		{5CF076F8-86FD-4225-90AC-D86658EC0706}.Debug|x86.Build.0 = Debug|Any CPU
		{5CF076F8-86FD-4225-90AC-D86658EC0706}.Dev|Any CPU.ActiveCfg = Release|Any CPU
		{5CF076F8-86FD-4225-90AC-D86658EC0706}.Dev|Any CPU.Build.0 = Release|Any CPU
		{5CF076F8-86FD-4225-90AC-D86658EC0706}.Dev|x64.ActiveCfg = Release|Any CPU
		{5CF076F8-86FD-4225-90AC-D86658EC0706}.Dev|x64.Build.0 = Release|Any CPU
		{5CF076F8-86FD-4225-90AC-D86658EC0706}.Dev|x86.ActiveCfg = Release|Any CPU
		{5CF076F8-86FD-4225-90AC-D86658EC0706}.Dev|x86.Build.0 = Release|Any CPU
		{5CF076F8-86FD-4225-90AC-D86658EC0706}.Release|Any CPU.ActiveCfg = Release|Any CPU
		{5CF076F8-86FD-4225-90AC-D86658EC0706}.Release|Any CPU.Build.0 = Release|Any CPU
		{5CF076F8-86FD-4225-90AC-D86658EC0706}.Release|x64.ActiveCfg = Release|Any CPU
		{5CF076F8-86FD-4225-90AC-D86658EC0706}.Release|x64.Build.0 = Release|Any CPU
		{5CF076F8-86FD-4225-90AC-D86658EC0706}.Release|x86.ActiveCfg = Release|Any CPU
		{5CF076F8-86FD-4225-90AC-D86658EC0706}.Release|x86.Build.0 = Release|Any CPU
		{8AEDBF9C-5197-B636-3916-DC17B7EEF4AF}.Debug|Any CPU.ActiveCfg = Debug|Any CPU
		{8AEDBF9C-5197-B636-3916-DC17B7EEF4AF}.Debug|Any CPU.Build.0 = Debug|Any CPU
		{8AEDBF9C-5197-B636-3916-DC17B7EEF4AF}.Debug|x64.ActiveCfg = Debug|Any CPU
		{8AEDBF9C-5197-B636-3916-DC17B7EEF4AF}.Debug|x64.Build.0 = Debug|Any CPU
		{8AEDBF9C-5197-B636-3916-DC17B7EEF4AF}.Debug|x86.ActiveCfg = Debug|Any CPU
		{8AEDBF9C-5197-B636-3916-DC17B7EEF4AF}.Debug|x86.Build.0 = Debug|Any CPU
		{8AEDBF9C-5197-B636-3916-DC17B7EEF4AF}.Dev|Any CPU.ActiveCfg = Release|Any CPU
		{8AEDBF9C-5197-B636-3916-DC17B7EEF4AF}.Dev|Any CPU.Build.0 = Release|Any CPU
		{8AEDBF9C-5197-B636-3916-DC17B7EEF4AF}.Dev|x64.ActiveCfg = Release|Any CPU
		{8AEDBF9C-5197-B636-3916-DC17B7EEF4AF}.Dev|x64.Build.0 = Release|Any CPU
		{8AEDBF9C-5197-B636-3916-DC17B7EEF4AF}.Dev|x86.ActiveCfg = Release|Any CPU
		{8AEDBF9C-5197-B636-3916-DC17B7EEF4AF}.Dev|x86.Build.0 = Release|Any CPU
		{8AEDBF9C-5197-B636-3916-DC17B7EEF4AF}.Release|Any CPU.ActiveCfg = Release|Any CPU
		{8AEDBF9C-5197-B636-3916-DC17B7EEF4AF}.Release|Any CPU.Build.0 = Release|Any CPU
		{8AEDBF9C-5197-B636-3916-DC17B7EEF4AF}.Release|x64.ActiveCfg = Release|Any CPU
		{8AEDBF9C-5197-B636-3916-DC17B7EEF4AF}.Release|x64.Build.0 = Release|Any CPU
		{8AEDBF9C-5197-B636-3916-DC17B7EEF4AF}.Release|x86.ActiveCfg = Release|Any CPU
		{8AEDBF9C-5197-B636-3916-DC17B7EEF4AF}.Release|x86.Build.0 = Release|Any CPU
		{7AE36108-834C-4427-BBCD-41877A371D16}.Debug|Any CPU.ActiveCfg = Debug|Any CPU
		{7AE36108-834C-4427-BBCD-41877A371D16}.Debug|Any CPU.Build.0 = Debug|Any CPU
		{7AE36108-834C-4427-BBCD-41877A371D16}.Debug|x64.ActiveCfg = Debug|Any CPU
		{7AE36108-834C-4427-BBCD-41877A371D16}.Debug|x64.Build.0 = Debug|Any CPU
		{7AE36108-834C-4427-BBCD-41877A371D16}.Debug|x86.ActiveCfg = Debug|Any CPU
		{7AE36108-834C-4427-BBCD-41877A371D16}.Debug|x86.Build.0 = Debug|Any CPU
		{7AE36108-834C-4427-BBCD-41877A371D16}.Dev|Any CPU.ActiveCfg = Release|Any CPU
		{7AE36108-834C-4427-BBCD-41877A371D16}.Dev|Any CPU.Build.0 = Release|Any CPU
		{7AE36108-834C-4427-BBCD-41877A371D16}.Dev|x64.ActiveCfg = Release|Any CPU
		{7AE36108-834C-4427-BBCD-41877A371D16}.Dev|x64.Build.0 = Release|Any CPU
		{7AE36108-834C-4427-BBCD-41877A371D16}.Dev|x86.ActiveCfg = Release|Any CPU
		{7AE36108-834C-4427-BBCD-41877A371D16}.Dev|x86.Build.0 = Release|Any CPU
		{7AE36108-834C-4427-BBCD-41877A371D16}.Release|Any CPU.ActiveCfg = Release|Any CPU
		{7AE36108-834C-4427-BBCD-41877A371D16}.Release|Any CPU.Build.0 = Release|Any CPU
		{7AE36108-834C-4427-BBCD-41877A371D16}.Release|x64.ActiveCfg = Release|Any CPU
		{7AE36108-834C-4427-BBCD-41877A371D16}.Release|x64.Build.0 = Release|Any CPU
		{7AE36108-834C-4427-BBCD-41877A371D16}.Release|x86.ActiveCfg = Release|Any CPU
		{7AE36108-834C-4427-BBCD-41877A371D16}.Release|x86.Build.0 = Release|Any CPU
		{FBB83EB0-9F9A-D72C-4F94-47F9DBCFB607}.Debug|Any CPU.ActiveCfg = Debug|Any CPU
		{FBB83EB0-9F9A-D72C-4F94-47F9DBCFB607}.Debug|Any CPU.Build.0 = Debug|Any CPU
		{FBB83EB0-9F9A-D72C-4F94-47F9DBCFB607}.Debug|x64.ActiveCfg = Debug|Any CPU
		{FBB83EB0-9F9A-D72C-4F94-47F9DBCFB607}.Debug|x64.Build.0 = Debug|Any CPU
		{FBB83EB0-9F9A-D72C-4F94-47F9DBCFB607}.Debug|x86.ActiveCfg = Debug|Any CPU
		{FBB83EB0-9F9A-D72C-4F94-47F9DBCFB607}.Debug|x86.Build.0 = Debug|Any CPU
		{FBB83EB0-9F9A-D72C-4F94-47F9DBCFB607}.Dev|Any CPU.ActiveCfg = Release|Any CPU
		{FBB83EB0-9F9A-D72C-4F94-47F9DBCFB607}.Dev|Any CPU.Build.0 = Release|Any CPU
		{FBB83EB0-9F9A-D72C-4F94-47F9DBCFB607}.Dev|x64.ActiveCfg = Release|Any CPU
		{FBB83EB0-9F9A-D72C-4F94-47F9DBCFB607}.Dev|x64.Build.0 = Release|Any CPU
		{FBB83EB0-9F9A-D72C-4F94-47F9DBCFB607}.Dev|x86.ActiveCfg = Release|Any CPU
		{FBB83EB0-9F9A-D72C-4F94-47F9DBCFB607}.Dev|x86.Build.0 = Release|Any CPU
		{FBB83EB0-9F9A-D72C-4F94-47F9DBCFB607}.Release|Any CPU.ActiveCfg = Release|Any CPU
		{FBB83EB0-9F9A-D72C-4F94-47F9DBCFB607}.Release|Any CPU.Build.0 = Release|Any CPU
		{FBB83EB0-9F9A-D72C-4F94-47F9DBCFB607}.Release|x64.ActiveCfg = Release|Any CPU
		{FBB83EB0-9F9A-D72C-4F94-47F9DBCFB607}.Release|x64.Build.0 = Release|Any CPU
		{FBB83EB0-9F9A-D72C-4F94-47F9DBCFB607}.Release|x86.ActiveCfg = Release|Any CPU
		{FBB83EB0-9F9A-D72C-4F94-47F9DBCFB607}.Release|x86.Build.0 = Release|Any CPU
		{2A71BDC0-F717-91C8-E7A5-AD0E1E2E72C1}.Debug|Any CPU.ActiveCfg = Debug|Any CPU
		{2A71BDC0-F717-91C8-E7A5-AD0E1E2E72C1}.Debug|Any CPU.Build.0 = Debug|Any CPU
		{2A71BDC0-F717-91C8-E7A5-AD0E1E2E72C1}.Debug|x64.ActiveCfg = Debug|Any CPU
		{2A71BDC0-F717-91C8-E7A5-AD0E1E2E72C1}.Debug|x64.Build.0 = Debug|Any CPU
		{2A71BDC0-F717-91C8-E7A5-AD0E1E2E72C1}.Debug|x86.ActiveCfg = Debug|Any CPU
		{2A71BDC0-F717-91C8-E7A5-AD0E1E2E72C1}.Debug|x86.Build.0 = Debug|Any CPU
		{2A71BDC0-F717-91C8-E7A5-AD0E1E2E72C1}.Dev|Any CPU.ActiveCfg = Release|Any CPU
		{2A71BDC0-F717-91C8-E7A5-AD0E1E2E72C1}.Dev|Any CPU.Build.0 = Release|Any CPU
		{2A71BDC0-F717-91C8-E7A5-AD0E1E2E72C1}.Dev|x64.ActiveCfg = Release|Any CPU
		{2A71BDC0-F717-91C8-E7A5-AD0E1E2E72C1}.Dev|x64.Build.0 = Release|Any CPU
		{2A71BDC0-F717-91C8-E7A5-AD0E1E2E72C1}.Dev|x86.ActiveCfg = Release|Any CPU
		{2A71BDC0-F717-91C8-E7A5-AD0E1E2E72C1}.Dev|x86.Build.0 = Release|Any CPU
		{2A71BDC0-F717-91C8-E7A5-AD0E1E2E72C1}.Release|Any CPU.ActiveCfg = Release|Any CPU
		{2A71BDC0-F717-91C8-E7A5-AD0E1E2E72C1}.Release|Any CPU.Build.0 = Release|Any CPU
		{2A71BDC0-F717-91C8-E7A5-AD0E1E2E72C1}.Release|x64.ActiveCfg = Release|Any CPU
		{2A71BDC0-F717-91C8-E7A5-AD0E1E2E72C1}.Release|x64.Build.0 = Release|Any CPU
		{2A71BDC0-F717-91C8-E7A5-AD0E1E2E72C1}.Release|x86.ActiveCfg = Release|Any CPU
		{2A71BDC0-F717-91C8-E7A5-AD0E1E2E72C1}.Release|x86.Build.0 = Release|Any CPU
		{EBF1BED5-3E96-4443-85D3-74979F01276F}.Debug|Any CPU.ActiveCfg = Debug|Any CPU
		{EBF1BED5-3E96-4443-85D3-74979F01276F}.Debug|Any CPU.Build.0 = Debug|Any CPU
		{EBF1BED5-3E96-4443-85D3-74979F01276F}.Debug|x64.ActiveCfg = Debug|Any CPU
		{EBF1BED5-3E96-4443-85D3-74979F01276F}.Debug|x64.Build.0 = Debug|Any CPU
		{EBF1BED5-3E96-4443-85D3-74979F01276F}.Debug|x86.ActiveCfg = Debug|Any CPU
		{EBF1BED5-3E96-4443-85D3-74979F01276F}.Debug|x86.Build.0 = Debug|Any CPU
		{EBF1BED5-3E96-4443-85D3-74979F01276F}.Dev|Any CPU.ActiveCfg = Release|Any CPU
		{EBF1BED5-3E96-4443-85D3-74979F01276F}.Dev|Any CPU.Build.0 = Release|Any CPU
		{EBF1BED5-3E96-4443-85D3-74979F01276F}.Dev|x64.ActiveCfg = Release|Any CPU
		{EBF1BED5-3E96-4443-85D3-74979F01276F}.Dev|x64.Build.0 = Release|Any CPU
		{EBF1BED5-3E96-4443-85D3-74979F01276F}.Dev|x86.ActiveCfg = Release|Any CPU
		{EBF1BED5-3E96-4443-85D3-74979F01276F}.Dev|x86.Build.0 = Release|Any CPU
		{EBF1BED5-3E96-4443-85D3-74979F01276F}.Release|Any CPU.ActiveCfg = Release|Any CPU
		{EBF1BED5-3E96-4443-85D3-74979F01276F}.Release|Any CPU.Build.0 = Release|Any CPU
		{EBF1BED5-3E96-4443-85D3-74979F01276F}.Release|x64.ActiveCfg = Release|Any CPU
		{EBF1BED5-3E96-4443-85D3-74979F01276F}.Release|x64.Build.0 = Release|Any CPU
		{EBF1BED5-3E96-4443-85D3-74979F01276F}.Release|x86.ActiveCfg = Release|Any CPU
		{EBF1BED5-3E96-4443-85D3-74979F01276F}.Release|x86.Build.0 = Release|Any CPU
	EndGlobalSection
	GlobalSection(SolutionProperties) = preSolution
		HideSolutionNode = FALSE
	EndGlobalSection
	GlobalSection(NestedProjects) = preSolution
		{45E8AD2D-F6CC-99C0-B6AF-489676982DA4} = {6FACADE4-FF08-4662-988E-E9105CF42036}
		{17F06FD2-78E2-5D4A-2D36-870FA512E48A} = {6FACADE4-FF08-4662-988E-E9105CF42036}
		{97AC1293-40CE-60BC-501E-3F5BE90CE104} = {6FACADE4-FF08-4662-988E-E9105CF42036}
		{089D5B6A-54A4-4C36-F772-879BFA825E13} = {6FACADE4-FF08-4662-988E-E9105CF42036}
		{FBB83EB0-9F9A-D72C-4F94-47F9DBCFB607} = {C2E7D910-89FD-409E-AD80-04499D6E8133}
		{2A71BDC0-F717-91C8-E7A5-AD0E1E2E72C1} = {CB8D45C3-7964-4671-9868-33D14BC1AD51}
		{E90F0270-BA90-4D29-8AB6-DD9EC716DB76} = {F5E1119C-92CB-4FDE-81AB-1DE74AF7E9B1}
		{15A16207-3D78-4DA8-AAC0-C3E2EB986B55} = {F5E1119C-92CB-4FDE-81AB-1DE74AF7E9B1}
		{8DE19001-9436-44AC-BE4C-E179A234EC5A} = {E90F0270-BA90-4D29-8AB6-DD9EC716DB76}
		{F140223E-0AD1-4713-85E3-FADB6D7B07B3} = {E90F0270-BA90-4D29-8AB6-DD9EC716DB76}
		{60930018-349B-44A5-8B05-222927800984} = {15A16207-3D78-4DA8-AAC0-C3E2EB986B55}
		{CCE938EF-D54A-4708-AFD9-8ACF05607F4B} = {15A16207-3D78-4DA8-AAC0-C3E2EB986B55}
		{14EFD7F5-4978-4F04-B57C-5AC5CA8E9DE2} = {5B5B5E74-3DF2-405D-860E-032C5061C66A}
		{B61AE180-7799-48AE-9D4F-31E5FB1723C9} = {9237554F-710E-4A55-9DAE-7D19B1953A07}
		{62C8E13E-3E28-4565-875E-788F2591BA76} = {9237554F-710E-4A55-9DAE-7D19B1953A07}
		{8A7C54EF-29B9-4150-9C6A-DF48FAAEE7B3} = {9237554F-710E-4A55-9DAE-7D19B1953A07}
	EndGlobalSection
	GlobalSection(ExtensibilityGlobals) = postSolution
		SolutionGuid = {B024F8BF-0823-4F1A-9172-28FD728B3838}
	EndGlobalSection
EndGlobal
